// !$*UTF8*$!
{
	archiveVersion = 1;
	classes = {
	};
	objectVersion = 50;
	objects = {

/* Begin PBXBuildFile section */
		E99D90BB229FB319006DF6E7 /* CABasicAnimationView.m in Sources */ = {isa = PBXBuildFile; fileRef = E99D90BA229FB319006DF6E7 /* CABasicAnimationView.m */; };
		E9C89E22229EBC6400ED86A1 /* AppDelegate.m in Sources */ = {isa = PBXBuildFile; fileRef = E9C89E21229EBC6400ED86A1 /* AppDelegate.m */; };
		E9C89E25229EBC6400ED86A1 /* ViewController.m in Sources */ = {isa = PBXBuildFile; fileRef = E9C89E24229EBC6400ED86A1 /* ViewController.m */; };
		E9C89E28229EBC6400ED86A1 /* Main.storyboard in Resources */ = {isa = PBXBuildFile; fileRef = E9C89E26229EBC6400ED86A1 /* Main.storyboard */; };
		E9C89E2A229EBC6500ED86A1 /* Assets.xcassets in Resources */ = {isa = PBXBuildFile; fileRef = E9C89E29229EBC6500ED86A1 /* Assets.xcassets */; };
		E9C89E2D229EBC6500ED86A1 /* LaunchScreen.storyboard in Resources */ = {isa = PBXBuildFile; fileRef = E9C89E2B229EBC6500ED86A1 /* LaunchScreen.storyboard */; };
		E9C89E30229EBC6500ED86A1 /* main.m in Sources */ = {isa = PBXBuildFile; fileRef = E9C89E2F229EBC6500ED86A1 /* main.m */; };
		E9C89E3A229EBC6500ED86A1 /* MasonryAnimationTestTests.m in Sources */ = {isa = PBXBuildFile; fileRef = E9C89E39229EBC6500ED86A1 /* MasonryAnimationTestTests.m */; };
		E9C89E45229EBC6500ED86A1 /* MasonryAnimationTestUITests.m in Sources */ = {isa = PBXBuildFile; fileRef = E9C89E44229EBC6500ED86A1 /* MasonryAnimationTestUITests.m */; };
		E9C89E54229EBCEB00ED86A1 /* AnimationView.m in Sources */ = {isa = PBXBuildFile; fileRef = E9C89E52229EBCEB00ED86A1 /* AnimationView.m */; };
		E9C89E70229EBD0C00ED86A1 /* NSLayoutConstraint+MASDebugAdditions.m in Sources */ = {isa = PBXBuildFile; fileRef = E9C89E57229EBD0C00ED86A1 /* NSLayoutConstraint+MASDebugAdditions.m */; };
		E9C89E71229EBD0C00ED86A1 /* ViewController+MASAdditions.m in Sources */ = {isa = PBXBuildFile; fileRef = E9C89E60229EBD0C00ED86A1 /* ViewController+MASAdditions.m */; };
		E9C89E72229EBD0C00ED86A1 /* MASCompositeConstraint.m in Sources */ = {isa = PBXBuildFile; fileRef = E9C89E64229EBD0C00ED86A1 /* MASCompositeConstraint.m */; };
		E9C89E73229EBD0C00ED86A1 /* MASConstraintMaker.m in Sources */ = {isa = PBXBuildFile; fileRef = E9C89E65229EBD0C00ED86A1 /* MASConstraintMaker.m */; };
		E9C89E74229EBD0C00ED86A1 /* MASLayoutConstraint.m in Sources */ = {isa = PBXBuildFile; fileRef = E9C89E66229EBD0C00ED86A1 /* MASLayoutConstraint.m */; };
		E9C89E75229EBD0C00ED86A1 /* NSArray+MASAdditions.m in Sources */ = {isa = PBXBuildFile; fileRef = E9C89E67229EBD0C00ED86A1 /* NSArray+MASAdditions.m */; };
		E9C89E76229EBD0C00ED86A1 /* View+MASAdditions.m in Sources */ = {isa = PBXBuildFile; fileRef = E9C89E68229EBD0C00ED86A1 /* View+MASAdditions.m */; };
		E9C89E77229EBD0C00ED86A1 /* MASConstraint.m in Sources */ = {isa = PBXBuildFile; fileRef = E9C89E6B229EBD0C00ED86A1 /* MASConstraint.m */; };
		E9C89E78229EBD0C00ED86A1 /* MASViewConstraint.m in Sources */ = {isa = PBXBuildFile; fileRef = E9C89E6D229EBD0C00ED86A1 /* MASViewConstraint.m */; };
		E9C89E79229EBD0C00ED86A1 /* MASViewAttribute.m in Sources */ = {isa = PBXBuildFile; fileRef = E9C89E6E229EBD0C00ED86A1 /* MASViewAttribute.m */; };
		E9C89E7A229EBD0C00ED86A1 /* Info.plist in Resources */ = {isa = PBXBuildFile; fileRef = E9C89E6F229EBD0C00ED86A1 /* Info.plist */; };
/* End PBXBuildFile section */

/* Begin PBXContainerItemProxy section */
		E9C89E36229EBC6500ED86A1 /* PBXContainerItemProxy */ = {
			isa = PBXContainerItemProxy;
			containerPortal = E9C89E15229EBC6400ED86A1 /* Project object */;
			proxyType = 1;
			remoteGlobalIDString = E9C89E1C229EBC6400ED86A1;
			remoteInfo = MasonryAnimationTest;
		};
		E9C89E41229EBC6500ED86A1 /* PBXContainerItemProxy */ = {
			isa = PBXContainerItemProxy;
			containerPortal = E9C89E15229EBC6400ED86A1 /* Project object */;
			proxyType = 1;
			remoteGlobalIDString = E9C89E1C229EBC6400ED86A1;
			remoteInfo = MasonryAnimationTest;
		};
/* End PBXContainerItemProxy section */

/* Begin PBXFileReference section */
		E99D90B9229FB319006DF6E7 /* CABasicAnimationView.h */ = {isa = PBXFileReference; lastKnownFileType = sourcecode.c.h; path = CABasicAnimationView.h; sourceTree = "<group>"; };
		E99D90BA229FB319006DF6E7 /* CABasicAnimationView.m */ = {isa = PBXFileReference; lastKnownFileType = sourcecode.c.objc; path = CABasicAnimationView.m; sourceTree = "<group>"; };
		E9C89E1D229EBC6400ED86A1 /* MasonryAnimationTest.app */ = {isa = PBXFileReference; explicitFileType = wrapper.application; includeInIndex = 0; path = MasonryAnimationTest.app; sourceTree = BUILT_PRODUCTS_DIR; };
		E9C89E20229EBC6400ED86A1 /* AppDelegate.h */ = {isa = PBXFileReference; lastKnownFileType = sourcecode.c.h; path = AppDelegate.h; sourceTree = "<group>"; };
		E9C89E21229EBC6400ED86A1 /* AppDelegate.m */ = {isa = PBXFileReference; lastKnownFileType = sourcecode.c.objc; path = AppDelegate.m; sourceTree = "<group>"; };
		E9C89E23229EBC6400ED86A1 /* ViewController.h */ = {isa = PBXFileReference; lastKnownFileType = sourcecode.c.h; path = ViewController.h; sourceTree = "<group>"; };
		E9C89E24229EBC6400ED86A1 /* ViewController.m */ = {isa = PBXFileReference; lastKnownFileType = sourcecode.c.objc; path = ViewController.m; sourceTree = "<group>"; };
		E9C89E27229EBC6400ED86A1 /* Base */ = {isa = PBXFileReference; lastKnownFileType = file.storyboard; name = Base; path = Base.lproj/Main.storyboard; sourceTree = "<group>"; };
		E9C89E29229EBC6500ED86A1 /* Assets.xcassets */ = {isa = PBXFileReference; lastKnownFileType = folder.assetcatalog; path = Assets.xcassets; sourceTree = "<group>"; };
		E9C89E2C229EBC6500ED86A1 /* Base */ = {isa = PBXFileReference; lastKnownFileType = file.storyboard; name = Base; path = Base.lproj/LaunchScreen.storyboard; sourceTree = "<group>"; };
		E9C89E2E229EBC6500ED86A1 /* Info.plist */ = {isa = PBXFileReference; lastKnownFileType = text.plist.xml; path = Info.plist; sourceTree = "<group>"; };
		E9C89E2F229EBC6500ED86A1 /* main.m */ = {isa = PBXFileReference; lastKnownFileType = sourcecode.c.objc; path = main.m; sourceTree = "<group>"; };
		E9C89E35229EBC6500ED86A1 /* MasonryAnimationTestTests.xctest */ = {isa = PBXFileReference; explicitFileType = wrapper.cfbundle; includeInIndex = 0; path = MasonryAnimationTestTests.xctest; sourceTree = BUILT_PRODUCTS_DIR; };
		E9C89E39229EBC6500ED86A1 /* MasonryAnimationTestTests.m */ = {isa = PBXFileReference; lastKnownFileType = sourcecode.c.objc; path = MasonryAnimationTestTests.m; sourceTree = "<group>"; };
		E9C89E3B229EBC6500ED86A1 /* Info.plist */ = {isa = PBXFileReference; lastKnownFileType = text.plist.xml; path = Info.plist; sourceTree = "<group>"; };
		E9C89E40229EBC6500ED86A1 /* MasonryAnimationTestUITests.xctest */ = {isa = PBXFileReference; explicitFileType = wrapper.cfbundle; includeInIndex = 0; path = MasonryAnimationTestUITests.xctest; sourceTree = BUILT_PRODUCTS_DIR; };
		E9C89E44229EBC6500ED86A1 /* MasonryAnimationTestUITests.m */ = {isa = PBXFileReference; lastKnownFileType = sourcecode.c.objc; path = MasonryAnimationTestUITests.m; sourceTree = "<group>"; };
		E9C89E46229EBC6500ED86A1 /* Info.plist */ = {isa = PBXFileReference; lastKnownFileType = text.plist.xml; path = Info.plist; sourceTree = "<group>"; };
		E9C89E52229EBCEB00ED86A1 /* AnimationView.m */ = {isa = PBXFileReference; fileEncoding = 4; lastKnownFileType = sourcecode.c.objc; path = AnimationView.m; sourceTree = "<group>"; };
		E9C89E53229EBCEB00ED86A1 /* AnimationView.h */ = {isa = PBXFileReference; fileEncoding = 4; lastKnownFileType = sourcecode.c.h; path = AnimationView.h; sourceTree = "<group>"; };
		E9C89E56229EBD0C00ED86A1 /* MASCompositeConstraint.h */ = {isa = PBXFileReference; fileEncoding = 4; lastKnownFileType = sourcecode.c.h; path = MASCompositeConstraint.h; sourceTree = "<group>"; };
		E9C89E57229EBD0C00ED86A1 /* NSLayoutConstraint+MASDebugAdditions.m */ = {isa = PBXFileReference; fileEncoding = 4; lastKnownFileType = sourcecode.c.objc; path = "NSLayoutConstraint+MASDebugAdditions.m"; sourceTree = "<group>"; };
		E9C89E58229EBD0C00ED86A1 /* MASConstraint+Private.h */ = {isa = PBXFileReference; fileEncoding = 4; lastKnownFileType = sourcecode.c.h; path = "MASConstraint+Private.h"; sourceTree = "<group>"; };
		E9C89E59229EBD0C00ED86A1 /* MASLayoutConstraint.h */ = {isa = PBXFileReference; fileEncoding = 4; lastKnownFileType = sourcecode.c.h; path = MASLayoutConstraint.h; sourceTree = "<group>"; };
		E9C89E5A229EBD0C00ED86A1 /* NSArray+MASShorthandAdditions.h */ = {isa = PBXFileReference; fileEncoding = 4; lastKnownFileType = sourcecode.c.h; path = "NSArray+MASShorthandAdditions.h"; sourceTree = "<group>"; };
		E9C89E5B229EBD0C00ED86A1 /* MASConstraintMaker.h */ = {isa = PBXFileReference; fileEncoding = 4; lastKnownFileType = sourcecode.c.h; path = MASConstraintMaker.h; sourceTree = "<group>"; };
		E9C89E5C229EBD0C00ED86A1 /* View+MASAdditions.h */ = {isa = PBXFileReference; fileEncoding = 4; lastKnownFileType = sourcecode.c.h; path = "View+MASAdditions.h"; sourceTree = "<group>"; };
		E9C89E5D229EBD0C00ED86A1 /* NSArray+MASAdditions.h */ = {isa = PBXFileReference; fileEncoding = 4; lastKnownFileType = sourcecode.c.h; path = "NSArray+MASAdditions.h"; sourceTree = "<group>"; };
		E9C89E5E229EBD0C00ED86A1 /* MASUtilities.h */ = {isa = PBXFileReference; fileEncoding = 4; lastKnownFileType = sourcecode.c.h; path = MASUtilities.h; sourceTree = "<group>"; };
		E9C89E5F229EBD0C00ED86A1 /* MASViewAttribute.h */ = {isa = PBXFileReference; fileEncoding = 4; lastKnownFileType = sourcecode.c.h; path = MASViewAttribute.h; sourceTree = "<group>"; };
		E9C89E60229EBD0C00ED86A1 /* ViewController+MASAdditions.m */ = {isa = PBXFileReference; fileEncoding = 4; lastKnownFileType = sourcecode.c.objc; path = "ViewController+MASAdditions.m"; sourceTree = "<group>"; };
		E9C89E61229EBD0C00ED86A1 /* MASViewConstraint.h */ = {isa = PBXFileReference; fileEncoding = 4; lastKnownFileType = sourcecode.c.h; path = MASViewConstraint.h; sourceTree = "<group>"; };
		E9C89E62229EBD0C00ED86A1 /* MASConstraint.h */ = {isa = PBXFileReference; fileEncoding = 4; lastKnownFileType = sourcecode.c.h; path = MASConstraint.h; sourceTree = "<group>"; };
		E9C89E63229EBD0C00ED86A1 /* NSLayoutConstraint+MASDebugAdditions.h */ = {isa = PBXFileReference; fileEncoding = 4; lastKnownFileType = sourcecode.c.h; path = "NSLayoutConstraint+MASDebugAdditions.h"; sourceTree = "<group>"; };
		E9C89E64229EBD0C00ED86A1 /* MASCompositeConstraint.m */ = {isa = PBXFileReference; fileEncoding = 4; lastKnownFileType = sourcecode.c.objc; path = MASCompositeConstraint.m; sourceTree = "<group>"; };
		E9C89E65229EBD0C00ED86A1 /* MASConstraintMaker.m */ = {isa = PBXFileReference; fileEncoding = 4; lastKnownFileType = sourcecode.c.objc; path = MASConstraintMaker.m; sourceTree = "<group>"; };
		E9C89E66229EBD0C00ED86A1 /* MASLayoutConstraint.m */ = {isa = PBXFileReference; fileEncoding = 4; lastKnownFileType = sourcecode.c.objc; path = MASLayoutConstraint.m; sourceTree = "<group>"; };
		E9C89E67229EBD0C00ED86A1 /* NSArray+MASAdditions.m */ = {isa = PBXFileReference; fileEncoding = 4; lastKnownFileType = sourcecode.c.objc; path = "NSArray+MASAdditions.m"; sourceTree = "<group>"; };
		E9C89E68229EBD0C00ED86A1 /* View+MASAdditions.m */ = {isa = PBXFileReference; fileEncoding = 4; lastKnownFileType = sourcecode.c.objc; path = "View+MASAdditions.m"; sourceTree = "<group>"; };
		E9C89E69229EBD0C00ED86A1 /* View+MASShorthandAdditions.h */ = {isa = PBXFileReference; fileEncoding = 4; lastKnownFileType = sourcecode.c.h; path = "View+MASShorthandAdditions.h"; sourceTree = "<group>"; };
		E9C89E6A229EBD0C00ED86A1 /* Masonry.h */ = {isa = PBXFileReference; fileEncoding = 4; lastKnownFileType = sourcecode.c.h; path = Masonry.h; sourceTree = "<group>"; };
		E9C89E6B229EBD0C00ED86A1 /* MASConstraint.m */ = {isa = PBXFileReference; fileEncoding = 4; lastKnownFileType = sourcecode.c.objc; path = MASConstraint.m; sourceTree = "<group>"; };
		E9C89E6C229EBD0C00ED86A1 /* ViewController+MASAdditions.h */ = {isa = PBXFileReference; fileEncoding = 4; lastKnownFileType = sourcecode.c.h; path = "ViewController+MASAdditions.h"; sourceTree = "<group>"; };
		E9C89E6D229EBD0C00ED86A1 /* MASViewConstraint.m */ = {isa = PBXFileReference; fileEncoding = 4; lastKnownFileType = sourcecode.c.objc; path = MASViewConstraint.m; sourceTree = "<group>"; };
		E9C89E6E229EBD0C00ED86A1 /* MASViewAttribute.m */ = {isa = PBXFileReference; fileEncoding = 4; lastKnownFileType = sourcecode.c.objc; path = MASViewAttribute.m; sourceTree = "<group>"; };
		E9C89E6F229EBD0C00ED86A1 /* Info.plist */ = {isa = PBXFileReference; fileEncoding = 4; lastKnownFileType = text.plist.xml; path = Info.plist; sourceTree = "<group>"; };
/* End PBXFileReference section */

/* Begin PBXFrameworksBuildPhase section */
		E9C89E1A229EBC6400ED86A1 /* Frameworks */ = {
			isa = PBXFrameworksBuildPhase;
			buildActionMask = 2147483647;
			files = (
			);
			runOnlyForDeploymentPostprocessing = 0;
		};
		E9C89E32229EBC6500ED86A1 /* Frameworks */ = {
			isa = PBXFrameworksBuildPhase;
			buildActionMask = 2147483647;
			files = (
			);
			runOnlyForDeploymentPostprocessing = 0;
		};
		E9C89E3D229EBC6500ED86A1 /* Frameworks */ = {
			isa = PBXFrameworksBuildPhase;
			buildActionMask = 2147483647;
			files = (
			);
			runOnlyForDeploymentPostprocessing = 0;
		};
/* End PBXFrameworksBuildPhase section */

/* Begin PBXGroup section */
		E9C89E14229EBC6400ED86A1 = {
			isa = PBXGroup;
			children = (
				E9C89E1F229EBC6400ED86A1 /* MasonryAnimationTest */,
				E9C89E38229EBC6500ED86A1 /* MasonryAnimationTestTests */,
				E9C89E43229EBC6500ED86A1 /* MasonryAnimationTestUITests */,
				E9C89E1E229EBC6400ED86A1 /* Products */,
			);
			sourceTree = "<group>";
		};
		E9C89E1E229EBC6400ED86A1 /* Products */ = {
			isa = PBXGroup;
			children = (
				E9C89E1D229EBC6400ED86A1 /* MasonryAnimationTest.app */,
				E9C89E35229EBC6500ED86A1 /* MasonryAnimationTestTests.xctest */,
				E9C89E40229EBC6500ED86A1 /* MasonryAnimationTestUITests.xctest */,
			);
			name = Products;
			sourceTree = "<group>";
		};
		E9C89E1F229EBC6400ED86A1 /* MasonryAnimationTest */ = {
			isa = PBXGroup;
			children = (
				E9C89E55229EBD0C00ED86A1 /* Masonry */,
				E9C89E53229EBCEB00ED86A1 /* AnimationView.h */,
				E9C89E52229EBCEB00ED86A1 /* AnimationView.m */,
				E99D90B9229FB319006DF6E7 /* CABasicAnimationView.h */,
				E99D90BA229FB319006DF6E7 /* CABasicAnimationView.m */,
				E9C89E20229EBC6400ED86A1 /* AppDelegate.h */,
				E9C89E21229EBC6400ED86A1 /* AppDelegate.m */,
				E9C89E23229EBC6400ED86A1 /* ViewController.h */,
				E9C89E24229EBC6400ED86A1 /* ViewController.m */,
				E9C89E26229EBC6400ED86A1 /* Main.storyboard */,
				E9C89E29229EBC6500ED86A1 /* Assets.xcassets */,
				E9C89E2B229EBC6500ED86A1 /* LaunchScreen.storyboard */,
				E9C89E2E229EBC6500ED86A1 /* Info.plist */,
				E9C89E2F229EBC6500ED86A1 /* main.m */,
			);
			path = MasonryAnimationTest;
			sourceTree = "<group>";
		};
		E9C89E38229EBC6500ED86A1 /* MasonryAnimationTestTests */ = {
			isa = PBXGroup;
			children = (
				E9C89E39229EBC6500ED86A1 /* MasonryAnimationTestTests.m */,
				E9C89E3B229EBC6500ED86A1 /* Info.plist */,
			);
			path = MasonryAnimationTestTests;
			sourceTree = "<group>";
		};
		E9C89E43229EBC6500ED86A1 /* MasonryAnimationTestUITests */ = {
			isa = PBXGroup;
			children = (
				E9C89E44229EBC6500ED86A1 /* MasonryAnimationTestUITests.m */,
				E9C89E46229EBC6500ED86A1 /* Info.plist */,
			);
			path = MasonryAnimationTestUITests;
			sourceTree = "<group>";
		};
		E9C89E55229EBD0C00ED86A1 /* Masonry */ = {
			isa = PBXGroup;
			children = (
				E9C89E56229EBD0C00ED86A1 /* MASCompositeConstraint.h */,
				E9C89E57229EBD0C00ED86A1 /* NSLayoutConstraint+MASDebugAdditions.m */,
				E9C89E58229EBD0C00ED86A1 /* MASConstraint+Private.h */,
				E9C89E59229EBD0C00ED86A1 /* MASLayoutConstraint.h */,
				E9C89E5A229EBD0C00ED86A1 /* NSArray+MASShorthandAdditions.h */,
				E9C89E5B229EBD0C00ED86A1 /* MASConstraintMaker.h */,
				E9C89E5C229EBD0C00ED86A1 /* View+MASAdditions.h */,
				E9C89E5D229EBD0C00ED86A1 /* NSArray+MASAdditions.h */,
				E9C89E5E229EBD0C00ED86A1 /* MASUtilities.h */,
				E9C89E5F229EBD0C00ED86A1 /* MASViewAttribute.h */,
				E9C89E60229EBD0C00ED86A1 /* ViewController+MASAdditions.m */,
				E9C89E61229EBD0C00ED86A1 /* MASViewConstraint.h */,
				E9C89E62229EBD0C00ED86A1 /* MASConstraint.h */,
				E9C89E63229EBD0C00ED86A1 /* NSLayoutConstraint+MASDebugAdditions.h */,
				E9C89E64229EBD0C00ED86A1 /* MASCompositeConstraint.m */,
				E9C89E65229EBD0C00ED86A1 /* MASConstraintMaker.m */,
				E9C89E66229EBD0C00ED86A1 /* MASLayoutConstraint.m */,
				E9C89E67229EBD0C00ED86A1 /* NSArray+MASAdditions.m */,
				E9C89E68229EBD0C00ED86A1 /* View+MASAdditions.m */,
				E9C89E69229EBD0C00ED86A1 /* View+MASShorthandAdditions.h */,
				E9C89E6A229EBD0C00ED86A1 /* Masonry.h */,
				E9C89E6B229EBD0C00ED86A1 /* MASConstraint.m */,
				E9C89E6C229EBD0C00ED86A1 /* ViewController+MASAdditions.h */,
				E9C89E6D229EBD0C00ED86A1 /* MASViewConstraint.m */,
				E9C89E6E229EBD0C00ED86A1 /* MASViewAttribute.m */,
				E9C89E6F229EBD0C00ED86A1 /* Info.plist */,
			);
			path = Masonry;
			sourceTree = "<group>";
		};
/* End PBXGroup section */

/* Begin PBXNativeTarget section */
		E9C89E1C229EBC6400ED86A1 /* MasonryAnimationTest */ = {
			isa = PBXNativeTarget;
			buildConfigurationList = E9C89E49229EBC6500ED86A1 /* Build configuration list for PBXNativeTarget "MasonryAnimationTest" */;
			buildPhases = (
				E9C89E19229EBC6400ED86A1 /* Sources */,
				E9C89E1A229EBC6400ED86A1 /* Frameworks */,
				E9C89E1B229EBC6400ED86A1 /* Resources */,
			);
			buildRules = (
			);
			dependencies = (
			);
			name = MasonryAnimationTest;
			productName = MasonryAnimationTest;
			productReference = E9C89E1D229EBC6400ED86A1 /* MasonryAnimationTest.app */;
			productType = "com.apple.product-type.application";
		};
		E9C89E34229EBC6500ED86A1 /* MasonryAnimationTestTests */ = {
			isa = PBXNativeTarget;
			buildConfigurationList = E9C89E4C229EBC6500ED86A1 /* Build configuration list for PBXNativeTarget "MasonryAnimationTestTests" */;
			buildPhases = (
				E9C89E31229EBC6500ED86A1 /* Sources */,
				E9C89E32229EBC6500ED86A1 /* Frameworks */,
				E9C89E33229EBC6500ED86A1 /* Resources */,
			);
			buildRules = (
			);
			dependencies = (
				E9C89E37229EBC6500ED86A1 /* PBXTargetDependency */,
			);
			name = MasonryAnimationTestTests;
			productName = MasonryAnimationTestTests;
			productReference = E9C89E35229EBC6500ED86A1 /* MasonryAnimationTestTests.xctest */;
			productType = "com.apple.product-type.bundle.unit-test";
		};
		E9C89E3F229EBC6500ED86A1 /* MasonryAnimationTestUITests */ = {
			isa = PBXNativeTarget;
			buildConfigurationList = E9C89E4F229EBC6500ED86A1 /* Build configuration list for PBXNativeTarget "MasonryAnimationTestUITests" */;
			buildPhases = (
				E9C89E3C229EBC6500ED86A1 /* Sources */,
				E9C89E3D229EBC6500ED86A1 /* Frameworks */,
				E9C89E3E229EBC6500ED86A1 /* Resources */,
			);
			buildRules = (
			);
			dependencies = (
				E9C89E42229EBC6500ED86A1 /* PBXTargetDependency */,
			);
			name = MasonryAnimationTestUITests;
			productName = MasonryAnimationTestUITests;
			productReference = E9C89E40229EBC6500ED86A1 /* MasonryAnimationTestUITests.xctest */;
			productType = "com.apple.product-type.bundle.ui-testing";
		};
/* End PBXNativeTarget section */

/* Begin PBXProject section */
		E9C89E15229EBC6400ED86A1 /* Project object */ = {
			isa = PBXProject;
			attributes = {
				LastUpgradeCheck = 1020;
				ORGANIZATIONNAME = guodongdong;
				TargetAttributes = {
					E9C89E1C229EBC6400ED86A1 = {
						CreatedOnToolsVersion = 10.2.1;
					};
					E9C89E34229EBC6500ED86A1 = {
						CreatedOnToolsVersion = 10.2.1;
						TestTargetID = E9C89E1C229EBC6400ED86A1;
					};
					E9C89E3F229EBC6500ED86A1 = {
						CreatedOnToolsVersion = 10.2.1;
						TestTargetID = E9C89E1C229EBC6400ED86A1;
					};
				};
			};
			buildConfigurationList = E9C89E18229EBC6400ED86A1 /* Build configuration list for PBXProject "MasonryAnimationTest" */;
			compatibilityVersion = "Xcode 9.3";
			developmentRegion = en;
			hasScannedForEncodings = 0;
			knownRegions = (
				en,
				Base,
			);
			mainGroup = E9C89E14229EBC6400ED86A1;
			productRefGroup = E9C89E1E229EBC6400ED86A1 /* Products */;
			projectDirPath = "";
			projectRoot = "";
			targets = (
				E9C89E1C229EBC6400ED86A1 /* MasonryAnimationTest */,
				E9C89E34229EBC6500ED86A1 /* MasonryAnimationTestTests */,
				E9C89E3F229EBC6500ED86A1 /* MasonryAnimationTestUITests */,
			);
		};
/* End PBXProject section */

/* Begin PBXResourcesBuildPhase section */
		E9C89E1B229EBC6400ED86A1 /* Resources */ = {
			isa = PBXResourcesBuildPhase;
			buildActionMask = 2147483647;
			files = (
				E9C89E7A229EBD0C00ED86A1 /* Info.plist in Resources */,
				E9C89E2D229EBC6500ED86A1 /* LaunchScreen.storyboard in Resources */,
				E9C89E2A229EBC6500ED86A1 /* Assets.xcassets in Resources */,
				E9C89E28229EBC6400ED86A1 /* Main.storyboard in Resources */,
			);
			runOnlyForDeploymentPostprocessing = 0;
		};
		E9C89E33229EBC6500ED86A1 /* Resources */ = {
			isa = PBXResourcesBuildPhase;
			buildActionMask = 2147483647;
			files = (
			);
			runOnlyForDeploymentPostprocessing = 0;
		};
		E9C89E3E229EBC6500ED86A1 /* Resources */ = {
			isa = PBXResourcesBuildPhase;
			buildActionMask = 2147483647;
			files = (
			);
			runOnlyForDeploymentPostprocessing = 0;
		};
/* End PBXResourcesBuildPhase section */

/* Begin PBXSourcesBuildPhase section */
		E9C89E19229EBC6400ED86A1 /* Sources */ = {
			isa = PBXSourcesBuildPhase;
			buildActionMask = 2147483647;
			files = (
				E9C89E78229EBD0C00ED86A1 /* MASViewConstraint.m in Sources */,
				E9C89E79229EBD0C00ED86A1 /* MASViewAttribute.m in Sources */,
				E9C89E25229EBC6400ED86A1 /* ViewController.m in Sources */,
				E9C89E54229EBCEB00ED86A1 /* AnimationView.m in Sources */,
				E9C89E75229EBD0C00ED86A1 /* NSArray+MASAdditions.m in Sources */,
				E9C89E71229EBD0C00ED86A1 /* ViewController+MASAdditions.m in Sources */,
				E9C89E72229EBD0C00ED86A1 /* MASCompositeConstraint.m in Sources */,
				E9C89E30229EBC6500ED86A1 /* main.m in Sources */,
				E9C89E76229EBD0C00ED86A1 /* View+MASAdditions.m in Sources */,
				E9C89E73229EBD0C00ED86A1 /* MASConstraintMaker.m in Sources */,
				E9C89E77229EBD0C00ED86A1 /* MASConstraint.m in Sources */,
				E9C89E70229EBD0C00ED86A1 /* NSLayoutConstraint+MASDebugAdditions.m in Sources */,
				E9C89E74229EBD0C00ED86A1 /* MASLayoutConstraint.m in Sources */,
				E9C89E22229EBC6400ED86A1 /* AppDelegate.m in Sources */,
				E99D90BB229FB319006DF6E7 /* CABasicAnimationView.m in Sources */,
			);
			runOnlyForDeploymentPostprocessing = 0;
		};
		E9C89E31229EBC6500ED86A1 /* Sources */ = {
			isa = PBXSourcesBuildPhase;
			buildActionMask = 2147483647;
			files = (
				E9C89E3A229EBC6500ED86A1 /* MasonryAnimationTestTests.m in Sources */,
			);
			runOnlyForDeploymentPostprocessing = 0;
		};
		E9C89E3C229EBC6500ED86A1 /* Sources */ = {
			isa = PBXSourcesBuildPhase;
			buildActionMask = 2147483647;
			files = (
				E9C89E45229EBC6500ED86A1 /* MasonryAnimationTestUITests.m in Sources */,
			);
			runOnlyForDeploymentPostprocessing = 0;
		};
/* End PBXSourcesBuildPhase section */

/* Begin PBXTargetDependency section */
		E9C89E37229EBC6500ED86A1 /* PBXTargetDependency */ = {
			isa = PBXTargetDependency;
			target = E9C89E1C229EBC6400ED86A1 /* MasonryAnimationTest */;
			targetProxy = E9C89E36229EBC6500ED86A1 /* PBXContainerItemProxy */;
		};
		E9C89E42229EBC6500ED86A1 /* PBXTargetDependency */ = {
			isa = PBXTargetDependency;
			target = E9C89E1C229EBC6400ED86A1 /* MasonryAnimationTest */;
			targetProxy = E9C89E41229EBC6500ED86A1 /* PBXContainerItemProxy */;
		};
/* End PBXTargetDependency section */

/* Begin PBXVariantGroup section */
		E9C89E26229EBC6400ED86A1 /* Main.storyboard */ = {
			isa = PBXVariantGroup;
			children = (
				E9C89E27229EBC6400ED86A1 /* Base */,
			);
			name = Main.storyboard;
			sourceTree = "<group>";
		};
		E9C89E2B229EBC6500ED86A1 /* LaunchScreen.storyboard */ = {
			isa = PBXVariantGroup;
			children = (
				E9C89E2C229EBC6500ED86A1 /* Base */,
			);
			name = LaunchScreen.storyboard;
			sourceTree = "<group>";
		};
/* End PBXVariantGroup section */

/* Begin XCBuildConfiguration section */
		E9C89E47229EBC6500ED86A1 /* Debug */ = {
			isa = XCBuildConfiguration;
			buildSettings = {
				ALWAYS_SEARCH_USER_PATHS = NO;
				CLANG_ANALYZER_NONNULL = YES;
				CLANG_ANALYZER_NUMBER_OBJECT_CONVERSION = YES_AGGRESSIVE;
				CLANG_CXX_LANGUAGE_STANDARD = "gnu++14";
				CLANG_CXX_LIBRARY = "libc++";
				CLANG_ENABLE_MODULES = YES;
				CLANG_ENABLE_OBJC_ARC = YES;
				CLANG_ENABLE_OBJC_WEAK = YES;
				CLANG_WARN_BLOCK_CAPTURE_AUTORELEASING = YES;
				CLANG_WARN_BOOL_CONVERSION = YES;
				CLANG_WARN_COMMA = YES;
				CLANG_WARN_CONSTANT_CONVERSION = YES;
				CLANG_WARN_DEPRECATED_OBJC_IMPLEMENTATIONS = YES;
				CLANG_WARN_DIRECT_OBJC_ISA_USAGE = YES_ERROR;
				CLANG_WARN_DOCUMENTATION_COMMENTS = YES;
				CLANG_WARN_EMPTY_BODY = YES;
				CLANG_WARN_ENUM_CONVERSION = YES;
				CLANG_WARN_INFINITE_RECURSION = YES;
				CLANG_WARN_INT_CONVERSION = YES;
				CLANG_WARN_NON_LITERAL_NULL_CONVERSION = YES;
				CLANG_WARN_OBJC_IMPLICIT_RETAIN_SELF = YES;
				CLANG_WARN_OBJC_LITERAL_CONVERSION = YES;
				CLANG_WARN_OBJC_ROOT_CLASS = YES_ERROR;
				CLANG_WARN_RANGE_LOOP_ANALYSIS = YES;
				CLANG_WARN_STRICT_PROTOTYPES = YES;
				CLANG_WARN_SUSPICIOUS_MOVE = YES;
				CLANG_WARN_UNGUARDED_AVAILABILITY = YES_AGGRESSIVE;
				CLANG_WARN_UNREACHABLE_CODE = YES;
				CLANG_WARN__DUPLICATE_METHOD_MATCH = YES;
				CODE_SIGN_IDENTITY = "iPhone Developer";
				COPY_PHASE_STRIP = NO;
				DEBUG_INFORMATION_FORMAT = dwarf;
				ENABLE_STRICT_OBJC_MSGSEND = YES;
				ENABLE_TESTABILITY = YES;
				GCC_C_LANGUAGE_STANDARD = gnu11;
				GCC_DYNAMIC_NO_PIC = NO;
				GCC_NO_COMMON_BLOCKS = YES;
				GCC_OPTIMIZATION_LEVEL = 0;
				GCC_PREPROCESSOR_DEFINITIONS = (
					"DEBUG=1",
					"$(inherited)",
				);
				GCC_WARN_64_TO_32_BIT_CONVERSION = YES;
				GCC_WARN_ABOUT_RETURN_TYPE = YES_ERROR;
				GCC_WARN_UNDECLARED_SELECTOR = YES;
				GCC_WARN_UNINITIALIZED_AUTOS = YES_AGGRESSIVE;
				GCC_WARN_UNUSED_FUNCTION = YES;
				GCC_WARN_UNUSED_VARIABLE = YES;
				IPHONEOS_DEPLOYMENT_TARGET = 12.2;
				MTL_ENABLE_DEBUG_INFO = INCLUDE_SOURCE;
				MTL_FAST_MATH = YES;
				ONLY_ACTIVE_ARCH = YES;
				SDKROOT = iphoneos;
			};
			name = Debug;
		};
		E9C89E48229EBC6500ED86A1 /* Release */ = {
			isa = XCBuildConfiguration;
			buildSettings = {
				ALWAYS_SEARCH_USER_PATHS = NO;
				CLANG_ANALYZER_NONNULL = YES;
				CLANG_ANALYZER_NUMBER_OBJECT_CONVERSION = YES_AGGRESSIVE;
				CLANG_CXX_LANGUAGE_STANDARD = "gnu++14";
				CLANG_CXX_LIBRARY = "libc++";
				CLANG_ENABLE_MODULES = YES;
				CLANG_ENABLE_OBJC_ARC = YES;
				CLANG_ENABLE_OBJC_WEAK = YES;
				CLANG_WARN_BLOCK_CAPTURE_AUTORELEASING = YES;
				CLANG_WARN_BOOL_CONVERSION = YES;
				CLANG_WARN_COMMA = YES;
				CLANG_WARN_CONSTANT_CONVERSION = YES;
				CLANG_WARN_DEPRECATED_OBJC_IMPLEMENTATIONS = YES;
				CLANG_WARN_DIRECT_OBJC_ISA_USAGE = YES_ERROR;
				CLANG_WARN_DOCUMENTATION_COMMENTS = YES;
				CLANG_WARN_EMPTY_BODY = YES;
				CLANG_WARN_ENUM_CONVERSION = YES;
				CLANG_WARN_INFINITE_RECURSION = YES;
				CLANG_WARN_INT_CONVERSION = YES;
				CLANG_WARN_NON_LITERAL_NULL_CONVERSION = YES;
				CLANG_WARN_OBJC_IMPLICIT_RETAIN_SELF = YES;
				CLANG_WARN_OBJC_LITERAL_CONVERSION = YES;
				CLANG_WARN_OBJC_ROOT_CLASS = YES_ERROR;
				CLANG_WARN_RANGE_LOOP_ANALYSIS = YES;
				CLANG_WARN_STRICT_PROTOTYPES = YES;
				CLANG_WARN_SUSPICIOUS_MOVE = YES;
				CLANG_WARN_UNGUARDED_AVAILABILITY = YES_AGGRESSIVE;
				CLANG_WARN_UNREACHABLE_CODE = YES;
				CLANG_WARN__DUPLICATE_METHOD_MATCH = YES;
				CODE_SIGN_IDENTITY = "iPhone Developer";
				COPY_PHASE_STRIP = NO;
				DEBUG_INFORMATION_FORMAT = "dwarf-with-dsym";
				ENABLE_NS_ASSERTIONS = NO;
				ENABLE_STRICT_OBJC_MSGSEND = YES;
				GCC_C_LANGUAGE_STANDARD = gnu11;
				GCC_NO_COMMON_BLOCKS = YES;
				GCC_WARN_64_TO_32_BIT_CONVERSION = YES;
				GCC_WARN_ABOUT_RETURN_TYPE = YES_ERROR;
				GCC_WARN_UNDECLARED_SELECTOR = YES;
				GCC_WARN_UNINITIALIZED_AUTOS = YES_AGGRESSIVE;
				GCC_WARN_UNUSED_FUNCTION = YES;
				GCC_WARN_UNUSED_VARIABLE = YES;
				IPHONEOS_DEPLOYMENT_TARGET = 12.2;
				MTL_ENABLE_DEBUG_INFO = NO;
				MTL_FAST_MATH = YES;
				SDKROOT = iphoneos;
				VALIDATE_PRODUCT = YES;
			};
			name = Release;
		};
		E9C89E4A229EBC6500ED86A1 /* Debug */ = {
			isa = XCBuildConfiguration;
			buildSettings = {
				ASSETCATALOG_COMPILER_APPICON_NAME = AppIcon;
				CODE_SIGN_STYLE = Automatic;
				INFOPLIST_FILE = MasonryAnimationTest/Info.plist;
				LD_RUNPATH_SEARCH_PATHS = (
					"$(inherited)",
					"@executable_path/Frameworks",
				);
				PRODUCT_BUNDLE_IDENTIFIER = IK.MasonryAnimationTest;
				PRODUCT_NAME = "$(TARGET_NAME)";
				TARGETED_DEVICE_FAMILY = "1,2";
			};
			name = Debug;
		};
		E9C89E4B229EBC6500ED86A1 /* Release */ = {
			isa = XCBuildConfiguration;
			buildSettings = {
				ASSETCATALOG_COMPILER_APPICON_NAME = AppIcon;
				CODE_SIGN_STYLE = Automatic;
				INFOPLIST_FILE = MasonryAnimationTest/Info.plist;
				LD_RUNPATH_SEARCH_PATHS = (
					"$(inherited)",
					"@executable_path/Frameworks",
				);
				PRODUCT_BUNDLE_IDENTIFIER = IK.MasonryAnimationTest;
				PRODUCT_NAME = "$(TARGET_NAME)";
				TARGETED_DEVICE_FAMILY = "1,2";
			};
			name = Release;
		};
		E9C89E4D229EBC6500ED86A1 /* Debug */ = {
			isa = XCBuildConfiguration;
			buildSettings = {
				BUNDLE_LOADER = "$(TEST_HOST)";
				CODE_SIGN_STYLE = Automatic;
				INFOPLIST_FILE = MasonryAnimationTestTests/Info.plist;
				LD_RUNPATH_SEARCH_PATHS = (
					"$(inherited)",
					"@executable_path/Frameworks",
					"@loader_path/Frameworks",
				);
				PRODUCT_BUNDLE_IDENTIFIER = IK.MasonryAnimationTestTests;
				PRODUCT_NAME = "$(TARGET_NAME)";
				TARGETED_DEVICE_FAMILY = "1,2";
				TEST_HOST = "$(BUILT_PRODUCTS_DIR)/MasonryAnimationTest.app/MasonryAnimationTest";
			};
			name = Debug;
		};
		E9C89E4E229EBC6500ED86A1 /* Release */ = {
			isa = XCBuildConfiguration;
			buildSettings = {
				BUNDLE_LOADER = "$(TEST_HOST)";
				CODE_SIGN_STYLE = Automatic;
				INFOPLIST_FILE = MasonryAnimationTestTests/Info.plist;
				LD_RUNPATH_SEARCH_PATHS = (
					"$(inherited)",
					"@executable_path/Frameworks",
					"@loader_path/Frameworks",
				);
				PRODUCT_BUNDLE_IDENTIFIER = IK.MasonryAnimationTestTests;
				PRODUCT_NAME = "$(TARGET_NAME)";
				TARGETED_DEVICE_FAMILY = "1,2";
				TEST_HOST = "$(BUILT_PRODUCTS_DIR)/MasonryAnimationTest.app/MasonryAnimationTest";
			};
			name = Release;
		};
		E9C89E50229EBC6500ED86A1 /* Debug */ = {
			isa = XCBuildConfiguration;
			buildSettings = {
				CODE_SIGN_STYLE = Automatic;
				INFOPLIST_FILE = MasonryAnimationTestUITests/Info.plist;
				LD_RUNPATH_SEARCH_PATHS = (
					"$(inherited)",
					"@executable_path/Frameworks",
					"@loader_path/Frameworks",
				);
				PRODUCT_BUNDLE_IDENTIFIER = IK.MasonryAnimationTestUITests;
				PRODUCT_NAME = "$(TARGET_NAME)";
				TARGETED_DEVICE_FAMILY = "1,2";
				TEST_TARGET_NAME = MasonryAnimationTest;
			};
			name = Debug;
		};
		E9C89E51229EBC6500ED86A1 /* Release */ = {
			isa = XCBuildConfiguration;
			buildSettings = {
				CODE_SIGN_STYLE = Automatic;
				INFOPLIST_FILE = MasonryAnimationTestUITests/Info.plist;
				LD_RUNPATH_SEARCH_PATHS = (
					"$(inherited)",
					"@executable_path/Frameworks",
					"@loader_path/Frameworks",
				);
				PRODUCT_BUNDLE_IDENTIFIER = IK.MasonryAnimationTestUITests;
				PRODUCT_NAME = "$(TARGET_NAME)";
				TARGETED_DEVICE_FAMILY = "1,2";
				TEST_TARGET_NAME = MasonryAnimationTest;
			};
			name = Release;
		};
/* End XCBuildConfiguration section */

/* Begin XCConfigurationList section */
		E9C89E18229EBC6400ED86A1 /* Build configuration list for PBXProject "MasonryAnimationTest" */ = {
			isa = XCConfigurationList;
			buildConfigurations = (
				E9C89E47229EBC6500ED86A1 /* Debug */,
				E9C89E48229EBC6500ED86A1 /* Release */,
			);
			defaultConfigurationIsVisible = 0;
			defaultConfigurationName = Release;
		};
		E9C89E49229EBC6500ED86A1 /* Build configuration list for PBXNativeTarget "MasonryAnimationTest" */ = {
			isa = XCConfigurationList;
			buildConfigurations = (
				E9C89E4A229EBC6500ED86A1 /* Debug */,
				E9C89E4B229EBC6500ED86A1 /* Release */,
			);
			defaultConfigurationIsVisible = 0;
			defaultConfigurationName = Release;
		};
		E9C89E4C229EBC6500ED86A1 /* Build configuration list for PBXNativeTarget "MasonryAnimationTestTests" */ = {
			isa = XCConfigurationList;
			buildConfigurations = (
				E9C89E4D229EBC6500ED86A1 /* Debug */,
				E9C89E4E229EBC6500ED86A1 /* Release */,
			);
			defaultConfigurationIsVisible = 0;
			defaultConfigurationName = Release;
		};
		E9C89E4F229EBC6500ED86A1 /* Build configuration list for PBXNativeTarget "MasonryAnimationTestUITests" */ = {
			isa = XCConfigurationList;
			buildConfigurations = (
				E9C89E50229EBC6500ED86A1 /* Debug */,
				E9C89E51229EBC6500ED86A1 /* Release */,
			);
			defaultConfigurationIsVisible = 0;
			defaultConfigurationName = Release;
		};
/* End XCConfigurationList section */
	};
	rootObject = E9C89E15229EBC6400ED86A1 /* Project object */;
}
